// !$*UTF8*$!
{
	archiveVersion = 1;
	classes = {
	};
	objectVersion = 46;
	objects = {

/* Begin PBXBuildFile section */
		3C04AB611E28757400CE5D94 /* CocoaLumberjack.framework in Frameworks */ = {isa = PBXBuildFile; fileRef = 3C04AB601E28757400CE5D94 /* CocoaLumberjack.framework */; };
		3C04AB6B1E28D32900CE5D94 /* MPLoggerFormatter.m in Sources */ = {isa = PBXBuildFile; fileRef = 3C04AB681E28D32900CE5D94 /* MPLoggerFormatter.m */; };
		3C04AB6C1E28D32900CE5D94 /* MyFileLogger.m in Sources */ = {isa = PBXBuildFile; fileRef = 3C04AB6A1E28D32900CE5D94 /* MyFileLogger.m */; };
		3C04AC741E28D7F300CE5D94 /* UIView+Extension.m in Sources */ = {isa = PBXBuildFile; fileRef = 3C04AC731E28D7F300CE5D94 /* UIView+Extension.m */; };
		3C144AB81E542F4C0077F10D /* DDLevelMeterView.m in Sources */ = {isa = PBXBuildFile; fileRef = 3C144AB71E542F4C0077F10D /* DDLevelMeterView.m */; };
		3C6A47121E2C599000A31792 /* NSDate+Utilities.m in Sources */ = {isa = PBXBuildFile; fileRef = 3C6A47111E2C599000A31792 /* NSDate+Utilities.m */; };
		3C6A47131E2C599000A31792 /* NSDate+Utilities.m in Sources */ = {isa = PBXBuildFile; fileRef = 3C6A47111E2C599000A31792 /* NSDate+Utilities.m */; };
		3C6A484F1E2CABFA00A31792 /* DDSettingItem.m in Sources */ = {isa = PBXBuildFile; fileRef = 3C6A484E1E2CABFA00A31792 /* DDSettingItem.m */; };
		3C6A48501E2CABFA00A31792 /* DDSettingItem.m in Sources */ = {isa = PBXBuildFile; fileRef = 3C6A484E1E2CABFA00A31792 /* DDSettingItem.m */; };
		3C6A48571E2CB01800A31792 /* CCPActionSheetCell.m in Sources */ = {isa = PBXBuildFile; fileRef = 3C6A48531E2CB01800A31792 /* CCPActionSheetCell.m */; };
		3C6A48581E2CB01800A31792 /* CCPActionSheetCell.m in Sources */ = {isa = PBXBuildFile; fileRef = 3C6A48531E2CB01800A31792 /* CCPActionSheetCell.m */; };
		3C6A48591E2CB01800A31792 /* CCPActionSheetCell.xib in Resources */ = {isa = PBXBuildFile; fileRef = 3C6A48541E2CB01800A31792 /* CCPActionSheetCell.xib */; };
		3C6A485A1E2CB01800A31792 /* CCPActionSheetCell.xib in Resources */ = {isa = PBXBuildFile; fileRef = 3C6A48541E2CB01800A31792 /* CCPActionSheetCell.xib */; };
		3C6A485B1E2CB01800A31792 /* CCPActionSheetView.m in Sources */ = {isa = PBXBuildFile; fileRef = 3C6A48561E2CB01800A31792 /* CCPActionSheetView.m */; };
		3C6A485C1E2CB01800A31792 /* CCPActionSheetView.m in Sources */ = {isa = PBXBuildFile; fileRef = 3C6A48561E2CB01800A31792 /* CCPActionSheetView.m */; };
		3C6A48611E2CB81000A31792 /* DDTextFieldButton.m in Sources */ = {isa = PBXBuildFile; fileRef = 3C6A485F1E2CB81000A31792 /* DDTextFieldButton.m */; };
		3C6A48621E2CB81000A31792 /* DDTextFieldButton.m in Sources */ = {isa = PBXBuildFile; fileRef = 3C6A485F1E2CB81000A31792 /* DDTextFieldButton.m */; };
		3C6A48631E2CB81000A31792 /* DDTextFieldButton.xib in Resources */ = {isa = PBXBuildFile; fileRef = 3C6A48601E2CB81000A31792 /* DDTextFieldButton.xib */; };
		3C6A48641E2CB81000A31792 /* DDTextFieldButton.xib in Resources */ = {isa = PBXBuildFile; fileRef = 3C6A48601E2CB81000A31792 /* DDTextFieldButton.xib */; };
		3C6ABC2E1E5D8A3B0083B7D0 /* data.json in Resources */ = {isa = PBXBuildFile; fileRef = 3C6ABC2D1E5D8A3B0083B7D0 /* data.json */; };
		3C7686C21E24DB3000DDAAC2 /* main.m in Sources */ = {isa = PBXBuildFile; fileRef = 3C7686C11E24DB3000DDAAC2 /* main.m */; };
		3C7686CD1E24DB3000DDAAC2 /* Assets.xcassets in Resources */ = {isa = PBXBuildFile; fileRef = 3C7686CC1E24DB3000DDAAC2 /* Assets.xcassets */; };
		3C7686D01E24DB3000DDAAC2 /* LaunchScreen.storyboard in Resources */ = {isa = PBXBuildFile; fileRef = 3C7686CE1E24DB3000DDAAC2 /* LaunchScreen.storyboard */; };
		3C7686DB1E24DB3000DDAAC2 /* XiaoOOTests.m in Sources */ = {isa = PBXBuildFile; fileRef = 3C7686DA1E24DB3000DDAAC2 /* XiaoOOTests.m */; };
		3C7686E61E24DB3000DDAAC2 /* XiaoOOUITests.m in Sources */ = {isa = PBXBuildFile; fileRef = 3C7686E51E24DB3000DDAAC2 /* XiaoOOUITests.m */; };
		3C7687341E24DB5A00DDAAC2 /* GCDGroup.m in Sources */ = {isa = PBXBuildFile; fileRef = 3C7687011E24DB5A00DDAAC2 /* GCDGroup.m */; };
		3C7687351E24DB5A00DDAAC2 /* GCDQueue.m in Sources */ = {isa = PBXBuildFile; fileRef = 3C7687031E24DB5A00DDAAC2 /* GCDQueue.m */; };
		3C7687361E24DB5A00DDAAC2 /* GCDSemaphore.m in Sources */ = {isa = PBXBuildFile; fileRef = 3C7687051E24DB5A00DDAAC2 /* GCDSemaphore.m */; };
		3C7687371E24DB5A00DDAAC2 /* GCDTimer.m in Sources */ = {isa = PBXBuildFile; fileRef = 3C7687071E24DB5A00DDAAC2 /* GCDTimer.m */; };
		3C7687381E24DB5A00DDAAC2 /* Placeholder in Resources */ = {isa = PBXBuildFile; fileRef = 3C76870D1E24DB5A00DDAAC2 /* Placeholder */; };
		3C7687391E24DB5A00DDAAC2 /* Placeholder in Resources */ = {isa = PBXBuildFile; fileRef = 3C76870F1E24DB5A00DDAAC2 /* Placeholder */; };
		3C76873A1E24DB5A00DDAAC2 /* Placeholder in Resources */ = {isa = PBXBuildFile; fileRef = 3C7687121E24DB5A00DDAAC2 /* Placeholder */; };
		3C76873B1E24DB5A00DDAAC2 /* DDMianViewController.m in Sources */ = {isa = PBXBuildFile; fileRef = 3C7687161E24DB5A00DDAAC2 /* DDMianViewController.m */; };
		3C76873C1E24DB5A00DDAAC2 /* AppDelegate.m in Sources */ = {isa = PBXBuildFile; fileRef = 3C76872C1E24DB5A00DDAAC2 /* AppDelegate.m */; };
		3C90FC171E55724E006C15DF /* DDSettingViewVC.m in Sources */ = {isa = PBXBuildFile; fileRef = 3C90FC161E55724E006C15DF /* DDSettingViewVC.m */; };
		3C90FC1A1E557410006C15DF /* DDSettingCell.m in Sources */ = {isa = PBXBuildFile; fileRef = 3C90FC191E557410006C15DF /* DDSettingCell.m */; };
		3C90FC1E1E55877A006C15DF /* Ping Hei Light.ttf in Resources */ = {isa = PBXBuildFile; fileRef = 3C90FC1B1E55877A006C15DF /* Ping Hei Light.ttf */; };
		3C90FC1F1E55877A006C15DF /* Ping Hei Text.ttf in Resources */ = {isa = PBXBuildFile; fileRef = 3C90FC1C1E55877A006C15DF /* Ping Hei Text.ttf */; };
		3C90FC201E55877A006C15DF /* ProximaNova-Semibold.otf in Resources */ = {isa = PBXBuildFile; fileRef = 3C90FC1D1E55877A006C15DF /* ProximaNova-Semibold.otf */; };
		3C90FC231E55957B006C15DF /* DDConst.m in Sources */ = {isa = PBXBuildFile; fileRef = 3C90FC221E55957B006C15DF /* DDConst.m */; };
		3C90FC261E5598D8006C15DF /* DDNavigationController.m in Sources */ = {isa = PBXBuildFile; fileRef = 3C90FC251E5598D8006C15DF /* DDNavigationController.m */; };
		3C90FC2C1E559F6E006C15DF /* UIBarButtonItem+Extension.m in Sources */ = {isa = PBXBuildFile; fileRef = 3C90FC2B1E559F6E006C15DF /* UIBarButtonItem+Extension.m */; };
		3C9957F91E5A7D33005E4580 /* DDChatVC.m in Sources */ = {isa = PBXBuildFile; fileRef = 3C9957F81E5A7D33005E4580 /* DDChatVC.m */; };
		3C9957FC1E5A7E65005E4580 /* DDChatCell.m in Sources */ = {isa = PBXBuildFile; fileRef = 3C9957FB1E5A7E65005E4580 /* DDChatCell.m */; };
		3C9957FF1E5A8495005E4580 /* DDChatModel.m in Sources */ = {isa = PBXBuildFile; fileRef = 3C9957FE1E5A8495005E4580 /* DDChatModel.m */; };
		3C9958021E5A886E005E4580 /* DDBaseVC.m in Sources */ = {isa = PBXBuildFile; fileRef = 3C9958011E5A886E005E4580 /* DDBaseVC.m */; };
		3C9958091E5A8AC1005E4580 /* UIViewController+backImgView.m in Sources */ = {isa = PBXBuildFile; fileRef = 3C9958081E5A8AC1005E4580 /* UIViewController+backImgView.m */; };
		3C9C56FF1E56F249009EF91D /* GXHUserDefaults+appSetting.m in Sources */ = {isa = PBXBuildFile; fileRef = 3C9C56FE1E56F249009EF91D /* GXHUserDefaults+appSetting.m */; };
		3C9C57071E56FAFA009EF91D /* GXHUserDefaults.m in Sources */ = {isa = PBXBuildFile; fileRef = 3C9C57061E56FAFA009EF91D /* GXHUserDefaults.m */; };
		3CC965EA1E3494B800E07085 /* DDInputAccessoryView.m in Sources */ = {isa = PBXBuildFile; fileRef = 3CC965E91E3494B800E07085 /* DDInputAccessoryView.m */; };
		3CECAA191E5C194700028964 /* UIControl+Block.m in Sources */ = {isa = PBXBuildFile; fileRef = 3CECAA181E5C194700028964 /* UIControl+Block.m */; };
		3CED31951E272CAC0020CF40 /* DDTabBarView.m in Sources */ = {isa = PBXBuildFile; fileRef = 3CED31941E272CAC0020CF40 /* DDTabBarView.m */; };
		3CED31981E27927F0020CF40 /* Masonry.framework in Frameworks */ = {isa = PBXBuildFile; fileRef = 3CED31961E2791DE0020CF40 /* Masonry.framework */; };
/* End PBXBuildFile section */

/* Begin PBXContainerItemProxy section */
		3C7686D71E24DB3000DDAAC2 /* PBXContainerItemProxy */ = {
			isa = PBXContainerItemProxy;
			containerPortal = 3C7686B51E24DB3000DDAAC2 /* Project object */;
			proxyType = 1;
			remoteGlobalIDString = 3C7686BC1E24DB3000DDAAC2;
			remoteInfo = XiaoOO;
		};
		3C7686E21E24DB3000DDAAC2 /* PBXContainerItemProxy */ = {
			isa = PBXContainerItemProxy;
			containerPortal = 3C7686B51E24DB3000DDAAC2 /* Project object */;
			proxyType = 1;
			remoteGlobalIDString = 3C7686BC1E24DB3000DDAAC2;
			remoteInfo = XiaoOO;
		};
/* End PBXContainerItemProxy section */

/* Begin PBXCopyFilesBuildPhase section */
		3CD742F61E27953D00041633 /* CopyFiles */ = {
			isa = PBXCopyFilesBuildPhase;
			buildActionMask = 2147483647;
			dstPath = "";
			dstSubfolderSpec = 10;
			files = (
			);
			runOnlyForDeploymentPostprocessing = 0;
		};
/* End PBXCopyFilesBuildPhase section */

/* Begin PBXFileReference section */
		3C04AB601E28757400CE5D94 /* CocoaLumberjack.framework */ = {isa = PBXFileReference; lastKnownFileType = wrapper.framework; name = CocoaLumberjack.framework; path = Carthage/Build/iOS/CocoaLumberjack.framework; sourceTree = "<group>"; };
		3C04AB671E28D32900CE5D94 /* MPLoggerFormatter.h */ = {isa = PBXFileReference; fileEncoding = 4; lastKnownFileType = sourcecode.c.h; path = MPLoggerFormatter.h; sourceTree = "<group>"; };
		3C04AB681E28D32900CE5D94 /* MPLoggerFormatter.m */ = {isa = PBXFileReference; fileEncoding = 4; lastKnownFileType = sourcecode.c.objc; path = MPLoggerFormatter.m; sourceTree = "<group>"; };
		3C04AB691E28D32900CE5D94 /* MyFileLogger.h */ = {isa = PBXFileReference; fileEncoding = 4; lastKnownFileType = sourcecode.c.h; path = MyFileLogger.h; sourceTree = "<group>"; };
		3C04AB6A1E28D32900CE5D94 /* MyFileLogger.m */ = {isa = PBXFileReference; fileEncoding = 4; lastKnownFileType = sourcecode.c.objc; path = MyFileLogger.m; sourceTree = "<group>"; };
		3C04AC721E28D7F300CE5D94 /* UIView+Extension.h */ = {isa = PBXFileReference; fileEncoding = 4; lastKnownFileType = sourcecode.c.h; path = "UIView+Extension.h"; sourceTree = "<group>"; };
		3C04AC731E28D7F300CE5D94 /* UIView+Extension.m */ = {isa = PBXFileReference; fileEncoding = 4; lastKnownFileType = sourcecode.c.objc; path = "UIView+Extension.m"; sourceTree = "<group>"; };
		3C04AC751E28D99400CE5D94 /* MBTargetConfigContants.h */ = {isa = PBXFileReference; fileEncoding = 4; lastKnownFileType = sourcecode.c.h; path = MBTargetConfigContants.h; sourceTree = "<group>"; };
		3C144AB61E542F4C0077F10D /* DDLevelMeterView.h */ = {isa = PBXFileReference; fileEncoding = 4; lastKnownFileType = sourcecode.c.h; path = DDLevelMeterView.h; sourceTree = "<group>"; };
		3C144AB71E542F4C0077F10D /* DDLevelMeterView.m */ = {isa = PBXFileReference; fileEncoding = 4; lastKnownFileType = sourcecode.c.objc; path = DDLevelMeterView.m; sourceTree = "<group>"; };
		3C6A47101E2C599000A31792 /* NSDate+Utilities.h */ = {isa = PBXFileReference; fileEncoding = 4; lastKnownFileType = sourcecode.c.h; path = "NSDate+Utilities.h"; sourceTree = "<group>"; };
		3C6A47111E2C599000A31792 /* NSDate+Utilities.m */ = {isa = PBXFileReference; fileEncoding = 4; lastKnownFileType = sourcecode.c.objc; path = "NSDate+Utilities.m"; sourceTree = "<group>"; };
		3C6A484D1E2CABFA00A31792 /* DDSettingItem.h */ = {isa = PBXFileReference; fileEncoding = 4; lastKnownFileType = sourcecode.c.h; path = DDSettingItem.h; sourceTree = "<group>"; };
		3C6A484E1E2CABFA00A31792 /* DDSettingItem.m */ = {isa = PBXFileReference; fileEncoding = 4; lastKnownFileType = sourcecode.c.objc; path = DDSettingItem.m; sourceTree = "<group>"; };
		3C6A48521E2CB01800A31792 /* CCPActionSheetCell.h */ = {isa = PBXFileReference; fileEncoding = 4; lastKnownFileType = sourcecode.c.h; path = CCPActionSheetCell.h; sourceTree = "<group>"; };
		3C6A48531E2CB01800A31792 /* CCPActionSheetCell.m */ = {isa = PBXFileReference; fileEncoding = 4; lastKnownFileType = sourcecode.c.objc; path = CCPActionSheetCell.m; sourceTree = "<group>"; };
		3C6A48541E2CB01800A31792 /* CCPActionSheetCell.xib */ = {isa = PBXFileReference; fileEncoding = 4; lastKnownFileType = file.xib; path = CCPActionSheetCell.xib; sourceTree = "<group>"; };
		3C6A48551E2CB01800A31792 /* CCPActionSheetView.h */ = {isa = PBXFileReference; fileEncoding = 4; lastKnownFileType = sourcecode.c.h; path = CCPActionSheetView.h; sourceTree = "<group>"; };
		3C6A48561E2CB01800A31792 /* CCPActionSheetView.m */ = {isa = PBXFileReference; fileEncoding = 4; lastKnownFileType = sourcecode.c.objc; path = CCPActionSheetView.m; sourceTree = "<group>"; };
		3C6A485E1E2CB81000A31792 /* DDTextFieldButton.h */ = {isa = PBXFileReference; fileEncoding = 4; lastKnownFileType = sourcecode.c.h; path = DDTextFieldButton.h; sourceTree = "<group>"; };
		3C6A485F1E2CB81000A31792 /* DDTextFieldButton.m */ = {isa = PBXFileReference; fileEncoding = 4; lastKnownFileType = sourcecode.c.objc; path = DDTextFieldButton.m; sourceTree = "<group>"; };
		3C6A48601E2CB81000A31792 /* DDTextFieldButton.xib */ = {isa = PBXFileReference; fileEncoding = 4; lastKnownFileType = file.xib; path = DDTextFieldButton.xib; sourceTree = "<group>"; };
		3C6ABC2D1E5D8A3B0083B7D0 /* data.json */ = {isa = PBXFileReference; fileEncoding = 4; lastKnownFileType = text.json; path = data.json; sourceTree = "<group>"; };
		3C7686BD1E24DB3000DDAAC2 /* XiaoOO.app */ = {isa = PBXFileReference; explicitFileType = wrapper.application; includeInIndex = 0; path = XiaoOO.app; sourceTree = BUILT_PRODUCTS_DIR; };
		3C7686C11E24DB3000DDAAC2 /* main.m */ = {isa = PBXFileReference; lastKnownFileType = sourcecode.c.objc; path = main.m; sourceTree = "<group>"; };
		3C7686CC1E24DB3000DDAAC2 /* Assets.xcassets */ = {isa = PBXFileReference; lastKnownFileType = folder.assetcatalog; path = Assets.xcassets; sourceTree = "<group>"; };
		3C7686CF1E24DB3000DDAAC2 /* Base */ = {isa = PBXFileReference; lastKnownFileType = file.storyboard; name = Base; path = Base.lproj/LaunchScreen.storyboard; sourceTree = "<group>"; };
		3C7686D11E24DB3000DDAAC2 /* Info.plist */ = {isa = PBXFileReference; lastKnownFileType = text.plist.xml; path = Info.plist; sourceTree = "<group>"; };
		3C7686D61E24DB3000DDAAC2 /* XiaoOOTests.xctest */ = {isa = PBXFileReference; explicitFileType = wrapper.cfbundle; includeInIndex = 0; path = XiaoOOTests.xctest; sourceTree = BUILT_PRODUCTS_DIR; };
		3C7686DA1E24DB3000DDAAC2 /* XiaoOOTests.m */ = {isa = PBXFileReference; lastKnownFileType = sourcecode.c.objc; path = XiaoOOTests.m; sourceTree = "<group>"; };
		3C7686DC1E24DB3000DDAAC2 /* Info.plist */ = {isa = PBXFileReference; lastKnownFileType = text.plist.xml; path = Info.plist; sourceTree = "<group>"; };
		3C7686E11E24DB3000DDAAC2 /* XiaoOOUITests.xctest */ = {isa = PBXFileReference; explicitFileType = wrapper.cfbundle; includeInIndex = 0; path = XiaoOOUITests.xctest; sourceTree = BUILT_PRODUCTS_DIR; };
		3C7686E51E24DB3000DDAAC2 /* XiaoOOUITests.m */ = {isa = PBXFileReference; lastKnownFileType = sourcecode.c.objc; path = XiaoOOUITests.m; sourceTree = "<group>"; };
		3C7686E71E24DB3000DDAAC2 /* Info.plist */ = {isa = PBXFileReference; lastKnownFileType = text.plist.xml; path = Info.plist; sourceTree = "<group>"; };
		3C7686FA1E24DB5A00DDAAC2 /* Macros.h */ = {isa = PBXFileReference; fileEncoding = 4; lastKnownFileType = sourcecode.c.h; path = Macros.h; sourceTree = "<group>"; };
		3C7686FB1E24DB5A00DDAAC2 /* MPTargetConfigMacros.h */ = {isa = PBXFileReference; fileEncoding = 4; lastKnownFileType = sourcecode.c.h; path = MPTargetConfigMacros.h; sourceTree = "<group>"; };
		3C7686FC1E24DB5A00DDAAC2 /* ThirdMacros.h */ = {isa = PBXFileReference; fileEncoding = 4; lastKnownFileType = sourcecode.c.h; path = ThirdMacros.h; sourceTree = "<group>"; };
		3C7686FF1E24DB5A00DDAAC2 /* GCD.h */ = {isa = PBXFileReference; fileEncoding = 4; lastKnownFileType = sourcecode.c.h; path = GCD.h; sourceTree = "<group>"; };
		3C7687001E24DB5A00DDAAC2 /* GCDGroup.h */ = {isa = PBXFileReference; fileEncoding = 4; lastKnownFileType = sourcecode.c.h; path = GCDGroup.h; sourceTree = "<group>"; };
		3C7687011E24DB5A00DDAAC2 /* GCDGroup.m */ = {isa = PBXFileReference; fileEncoding = 4; lastKnownFileType = sourcecode.c.objc; path = GCDGroup.m; sourceTree = "<group>"; };
		3C7687021E24DB5A00DDAAC2 /* GCDQueue.h */ = {isa = PBXFileReference; fileEncoding = 4; lastKnownFileType = sourcecode.c.h; path = GCDQueue.h; sourceTree = "<group>"; };
		3C7687031E24DB5A00DDAAC2 /* GCDQueue.m */ = {isa = PBXFileReference; fileEncoding = 4; lastKnownFileType = sourcecode.c.objc; path = GCDQueue.m; sourceTree = "<group>"; };
		3C7687041E24DB5A00DDAAC2 /* GCDSemaphore.h */ = {isa = PBXFileReference; fileEncoding = 4; lastKnownFileType = sourcecode.c.h; path = GCDSemaphore.h; sourceTree = "<group>"; };
		3C7687051E24DB5A00DDAAC2 /* GCDSemaphore.m */ = {isa = PBXFileReference; fileEncoding = 4; lastKnownFileType = sourcecode.c.objc; path = GCDSemaphore.m; sourceTree = "<group>"; };
		3C7687061E24DB5A00DDAAC2 /* GCDTimer.h */ = {isa = PBXFileReference; fileEncoding = 4; lastKnownFileType = sourcecode.c.h; path = GCDTimer.h; sourceTree = "<group>"; };
		3C7687071E24DB5A00DDAAC2 /* GCDTimer.m */ = {isa = PBXFileReference; fileEncoding = 4; lastKnownFileType = sourcecode.c.objc; path = GCDTimer.m; sourceTree = "<group>"; };
		3C76870D1E24DB5A00DDAAC2 /* Placeholder */ = {isa = PBXFileReference; fileEncoding = 4; lastKnownFileType = text; path = Placeholder; sourceTree = "<group>"; };
		3C76870F1E24DB5A00DDAAC2 /* Placeholder */ = {isa = PBXFileReference; fileEncoding = 4; lastKnownFileType = text; path = Placeholder; sourceTree = "<group>"; };
		3C7687121E24DB5A00DDAAC2 /* Placeholder */ = {isa = PBXFileReference; fileEncoding = 4; lastKnownFileType = text; path = Placeholder; sourceTree = "<group>"; };
		3C7687151E24DB5A00DDAAC2 /* DDMianViewController.h */ = {isa = PBXFileReference; fileEncoding = 4; lastKnownFileType = sourcecode.c.h; path = DDMianViewController.h; sourceTree = "<group>"; };
		3C7687161E24DB5A00DDAAC2 /* DDMianViewController.m */ = {isa = PBXFileReference; fileEncoding = 4; lastKnownFileType = sourcecode.c.objc; path = DDMianViewController.m; sourceTree = "<group>"; };
		3C76872B1E24DB5A00DDAAC2 /* AppDelegate.h */ = {isa = PBXFileReference; fileEncoding = 4; lastKnownFileType = sourcecode.c.h; path = AppDelegate.h; sourceTree = "<group>"; };
		3C76872C1E24DB5A00DDAAC2 /* AppDelegate.m */ = {isa = PBXFileReference; fileEncoding = 4; lastKnownFileType = sourcecode.c.objc; path = AppDelegate.m; sourceTree = "<group>"; };
		3C76872E1E24DB5A00DDAAC2 /* PrefixHeader.pch */ = {isa = PBXFileReference; fileEncoding = 4; lastKnownFileType = sourcecode.c.h; path = PrefixHeader.pch; sourceTree = "<group>"; };
		3C90FC151E55724E006C15DF /* DDSettingViewVC.h */ = {isa = PBXFileReference; fileEncoding = 4; lastKnownFileType = sourcecode.c.h; path = DDSettingViewVC.h; sourceTree = "<group>"; };
		3C90FC161E55724E006C15DF /* DDSettingViewVC.m */ = {isa = PBXFileReference; fileEncoding = 4; lastKnownFileType = sourcecode.c.objc; path = DDSettingViewVC.m; sourceTree = "<group>"; };
		3C90FC181E557410006C15DF /* DDSettingCell.h */ = {isa = PBXFileReference; fileEncoding = 4; lastKnownFileType = sourcecode.c.h; path = DDSettingCell.h; sourceTree = "<group>"; };
		3C90FC191E557410006C15DF /* DDSettingCell.m */ = {isa = PBXFileReference; fileEncoding = 4; lastKnownFileType = sourcecode.c.objc; path = DDSettingCell.m; sourceTree = "<group>"; };
		3C90FC1B1E55877A006C15DF /* Ping Hei Light.ttf */ = {isa = PBXFileReference; lastKnownFileType = file; path = "Ping Hei Light.ttf"; sourceTree = "<group>"; };
		3C90FC1C1E55877A006C15DF /* Ping Hei Text.ttf */ = {isa = PBXFileReference; lastKnownFileType = file; path = "Ping Hei Text.ttf"; sourceTree = "<group>"; };
		3C90FC1D1E55877A006C15DF /* ProximaNova-Semibold.otf */ = {isa = PBXFileReference; lastKnownFileType = file; path = "ProximaNova-Semibold.otf"; sourceTree = "<group>"; };
		3C90FC211E55957B006C15DF /* DDConst.h */ = {isa = PBXFileReference; fileEncoding = 4; lastKnownFileType = sourcecode.c.h; path = DDConst.h; sourceTree = "<group>"; };
		3C90FC221E55957B006C15DF /* DDConst.m */ = {isa = PBXFileReference; fileEncoding = 4; lastKnownFileType = sourcecode.c.objc; path = DDConst.m; sourceTree = "<group>"; };
		3C90FC241E5598D8006C15DF /* DDNavigationController.h */ = {isa = PBXFileReference; fileEncoding = 4; lastKnownFileType = sourcecode.c.h; path = DDNavigationController.h; sourceTree = "<group>"; };
		3C90FC251E5598D8006C15DF /* DDNavigationController.m */ = {isa = PBXFileReference; fileEncoding = 4; lastKnownFileType = sourcecode.c.objc; path = DDNavigationController.m; sourceTree = "<group>"; };
		3C90FC2A1E559F6E006C15DF /* UIBarButtonItem+Extension.h */ = {isa = PBXFileReference; fileEncoding = 4; lastKnownFileType = sourcecode.c.h; path = "UIBarButtonItem+Extension.h"; sourceTree = "<group>"; };
		3C90FC2B1E559F6E006C15DF /* UIBarButtonItem+Extension.m */ = {isa = PBXFileReference; fileEncoding = 4; lastKnownFileType = sourcecode.c.objc; path = "UIBarButtonItem+Extension.m"; sourceTree = "<group>"; };
		3C9957F71E5A7D33005E4580 /* DDChatVC.h */ = {isa = PBXFileReference; fileEncoding = 4; lastKnownFileType = sourcecode.c.h; path = DDChatVC.h; sourceTree = "<group>"; };
		3C9957F81E5A7D33005E4580 /* DDChatVC.m */ = {isa = PBXFileReference; fileEncoding = 4; lastKnownFileType = sourcecode.c.objc; path = DDChatVC.m; sourceTree = "<group>"; };
		3C9957FA1E5A7E65005E4580 /* DDChatCell.h */ = {isa = PBXFileReference; fileEncoding = 4; lastKnownFileType = sourcecode.c.h; path = DDChatCell.h; sourceTree = "<group>"; };
		3C9957FB1E5A7E65005E4580 /* DDChatCell.m */ = {isa = PBXFileReference; fileEncoding = 4; lastKnownFileType = sourcecode.c.objc; path = DDChatCell.m; sourceTree = "<group>"; };
		3C9957FD1E5A8495005E4580 /* DDChatModel.h */ = {isa = PBXFileReference; fileEncoding = 4; lastKnownFileType = sourcecode.c.h; path = DDChatModel.h; sourceTree = "<group>"; };
		3C9957FE1E5A8495005E4580 /* DDChatModel.m */ = {isa = PBXFileReference; fileEncoding = 4; lastKnownFileType = sourcecode.c.objc; path = DDChatModel.m; sourceTree = "<group>"; };
		3C9958001E5A886E005E4580 /* DDBaseVC.h */ = {isa = PBXFileReference; fileEncoding = 4; lastKnownFileType = sourcecode.c.h; path = DDBaseVC.h; sourceTree = "<group>"; };
		3C9958011E5A886E005E4580 /* DDBaseVC.m */ = {isa = PBXFileReference; fileEncoding = 4; lastKnownFileType = sourcecode.c.objc; path = DDBaseVC.m; sourceTree = "<group>"; };
		3C9958071E5A8AC1005E4580 /* UIViewController+backImgView.h */ = {isa = PBXFileReference; fileEncoding = 4; lastKnownFileType = sourcecode.c.h; path = "UIViewController+backImgView.h"; sourceTree = "<group>"; };
		3C9958081E5A8AC1005E4580 /* UIViewController+backImgView.m */ = {isa = PBXFileReference; fileEncoding = 4; lastKnownFileType = sourcecode.c.objc; path = "UIViewController+backImgView.m"; sourceTree = "<group>"; };
		3C9C56FD1E56F246009EF91D /* GXHUserDefaults+appSetting.h */ = {isa = PBXFileReference; lastKnownFileType = sourcecode.c.h; path = "GXHUserDefaults+appSetting.h"; sourceTree = "<group>"; };
		3C9C56FE1E56F249009EF91D /* GXHUserDefaults+appSetting.m */ = {isa = PBXFileReference; fileEncoding = 4; lastKnownFileType = sourcecode.c.objc; path = "GXHUserDefaults+appSetting.m"; sourceTree = "<group>"; };
		3C9C57051E56FAFA009EF91D /* GXHUserDefaults.h */ = {isa = PBXFileReference; fileEncoding = 4; lastKnownFileType = sourcecode.c.h; path = GXHUserDefaults.h; sourceTree = "<group>"; };
		3C9C57061E56FAFA009EF91D /* GXHUserDefaults.m */ = {isa = PBXFileReference; fileEncoding = 4; lastKnownFileType = sourcecode.c.objc; path = GXHUserDefaults.m; sourceTree = "<group>"; };
		3CC965E81E3494B800E07085 /* DDInputAccessoryView.h */ = {isa = PBXFileReference; fileEncoding = 4; lastKnownFileType = sourcecode.c.h; path = DDInputAccessoryView.h; sourceTree = "<group>"; };
		3CC965E91E3494B800E07085 /* DDInputAccessoryView.m */ = {isa = PBXFileReference; fileEncoding = 4; lastKnownFileType = sourcecode.c.objc; path = DDInputAccessoryView.m; sourceTree = "<group>"; };
		3CECAA171E5C194700028964 /* UIControl+Block.h */ = {isa = PBXFileReference; fileEncoding = 4; lastKnownFileType = sourcecode.c.h; path = "UIControl+Block.h"; sourceTree = "<group>"; };
		3CECAA181E5C194700028964 /* UIControl+Block.m */ = {isa = PBXFileReference; fileEncoding = 4; lastKnownFileType = sourcecode.c.objc; path = "UIControl+Block.m"; sourceTree = "<group>"; };
		3CED31931E272CAC0020CF40 /* DDTabBarView.h */ = {isa = PBXFileReference; fileEncoding = 4; lastKnownFileType = sourcecode.c.h; path = DDTabBarView.h; sourceTree = "<group>"; };
		3CED31941E272CAC0020CF40 /* DDTabBarView.m */ = {isa = PBXFileReference; fileEncoding = 4; lastKnownFileType = sourcecode.c.objc; path = DDTabBarView.m; sourceTree = "<group>"; };
		3CED31961E2791DE0020CF40 /* Masonry.framework */ = {isa = PBXFileReference; lastKnownFileType = wrapper.framework; name = Masonry.framework; path = Carthage/Build/iOS/Masonry.framework; sourceTree = "<group>"; };
/* End PBXFileReference section */

/* Begin PBXFrameworksBuildPhase section */
		3C7686BA1E24DB3000DDAAC2 /* Frameworks */ = {
			isa = PBXFrameworksBuildPhase;
			buildActionMask = 2147483647;
			files = (
				3C04AB611E28757400CE5D94 /* CocoaLumberjack.framework in Frameworks */,
				3CED31981E27927F0020CF40 /* Masonry.framework in Frameworks */,
			);
			runOnlyForDeploymentPostprocessing = 0;
		};
		3C7686D31E24DB3000DDAAC2 /* Frameworks */ = {
			isa = PBXFrameworksBuildPhase;
			buildActionMask = 2147483647;
			files = (
			);
			runOnlyForDeploymentPostprocessing = 0;
		};
		3C7686DE1E24DB3000DDAAC2 /* Frameworks */ = {
			isa = PBXFrameworksBuildPhase;
			buildActionMask = 2147483647;
			files = (
			);
			runOnlyForDeploymentPostprocessing = 0;
		};
/* End PBXFrameworksBuildPhase section */

/* Begin PBXGroup section */
		3C04AB661E28D32900CE5D94 /* Logger(日志记录) */ = {
			isa = PBXGroup;
			children = (
				3C04AB671E28D32900CE5D94 /* MPLoggerFormatter.h */,
				3C04AB681E28D32900CE5D94 /* MPLoggerFormatter.m */,
				3C04AB691E28D32900CE5D94 /* MyFileLogger.h */,
				3C04AB6A1E28D32900CE5D94 /* MyFileLogger.m */,
			);
			name = "Logger(日志记录)";
			path = Logger;
			sourceTree = "<group>";
		};
		3C04AC711E28D7F300CE5D94 /* Other */ = {
			isa = PBXGroup;
			children = (
				3CECAA171E5C194700028964 /* UIControl+Block.h */,
				3CECAA181E5C194700028964 /* UIControl+Block.m */,
				3C9C56FD1E56F246009EF91D /* GXHUserDefaults+appSetting.h */,
				3C9C56FE1E56F249009EF91D /* GXHUserDefaults+appSetting.m */,
				3C90FC2A1E559F6E006C15DF /* UIBarButtonItem+Extension.h */,
				3C90FC2B1E559F6E006C15DF /* UIBarButtonItem+Extension.m */,
				3C04AC721E28D7F300CE5D94 /* UIView+Extension.h */,
				3C04AC731E28D7F300CE5D94 /* UIView+Extension.m */,
				3C6A47101E2C599000A31792 /* NSDate+Utilities.h */,
				3C6A47111E2C599000A31792 /* NSDate+Utilities.m */,
				3C9958071E5A8AC1005E4580 /* UIViewController+backImgView.h */,
				3C9958081E5A8AC1005E4580 /* UIViewController+backImgView.m */,
			);
			path = Other;
			sourceTree = "<group>";
		};
		3C6063ED1E2DE8E400CEA295 /* DDInputAccessoryView */ = {
			isa = PBXGroup;
			children = (
				3CC965E81E3494B800E07085 /* DDInputAccessoryView.h */,
				3CC965E91E3494B800E07085 /* DDInputAccessoryView.m */,
			);
			path = DDInputAccessoryView;
			sourceTree = "<group>";
		};
		3C6A48511E2CB01800A31792 /* CCPActionSheetView */ = {
			isa = PBXGroup;
			children = (
				3C6A485D1E2CB81000A31792 /* textField */,
				3C6A48521E2CB01800A31792 /* CCPActionSheetCell.h */,
				3C6A48531E2CB01800A31792 /* CCPActionSheetCell.m */,
				3C6A48541E2CB01800A31792 /* CCPActionSheetCell.xib */,
				3C6A48551E2CB01800A31792 /* CCPActionSheetView.h */,
				3C6A48561E2CB01800A31792 /* CCPActionSheetView.m */,
			);
			path = CCPActionSheetView;
			sourceTree = "<group>";
		};
		3C6A485D1E2CB81000A31792 /* textField */ = {
			isa = PBXGroup;
			children = (
				3C6A485E1E2CB81000A31792 /* DDTextFieldButton.h */,
				3C6A485F1E2CB81000A31792 /* DDTextFieldButton.m */,
				3C6A48601E2CB81000A31792 /* DDTextFieldButton.xib */,
			);
			path = textField;
			sourceTree = "<group>";
		};
		3C7686B41E24DB3000DDAAC2 = {
			isa = PBXGroup;
			children = (
				3C7686BF1E24DB3000DDAAC2 /* XiaoOO */,
				3C7686D91E24DB3000DDAAC2 /* XiaoOOTests */,
				3C7686E41E24DB3000DDAAC2 /* XiaoOOUITests */,
				3C7686BE1E24DB3000DDAAC2 /* Products */,
				3CED318A1E271CE50020CF40 /* Frameworks */,
			);
			sourceTree = "<group>";
		};
		3C7686BE1E24DB3000DDAAC2 /* Products */ = {
			isa = PBXGroup;
			children = (
				3C7686BD1E24DB3000DDAAC2 /* XiaoOO.app */,
				3C7686D61E24DB3000DDAAC2 /* XiaoOOTests.xctest */,
				3C7686E11E24DB3000DDAAC2 /* XiaoOOUITests.xctest */,
			);
			name = Products;
			sourceTree = "<group>";
		};
		3C7686BF1E24DB3000DDAAC2 /* XiaoOO */ = {
			isa = PBXGroup;
			children = (
				3C7686F31E24DB5A00DDAAC2 /* Classes */,
				3C7686CC1E24DB3000DDAAC2 /* Assets.xcassets */,
				3C7686CE1E24DB3000DDAAC2 /* LaunchScreen.storyboard */,
				3C7686D11E24DB3000DDAAC2 /* Info.plist */,
				3C6ABC2D1E5D8A3B0083B7D0 /* data.json */,
				3C7686C01E24DB3000DDAAC2 /* Supporting Files */,
			);
			path = XiaoOO;
			sourceTree = "<group>";
		};
		3C7686C01E24DB3000DDAAC2 /* Supporting Files */ = {
			isa = PBXGroup;
			children = (
				3C7686C11E24DB3000DDAAC2 /* main.m */,
			);
			name = "Supporting Files";
			sourceTree = "<group>";
		};
		3C7686D91E24DB3000DDAAC2 /* XiaoOOTests */ = {
			isa = PBXGroup;
			children = (
				3C7686DA1E24DB3000DDAAC2 /* XiaoOOTests.m */,
				3C7686DC1E24DB3000DDAAC2 /* Info.plist */,
			);
			path = XiaoOOTests;
			sourceTree = "<group>";
		};
		3C7686E41E24DB3000DDAAC2 /* XiaoOOUITests */ = {
			isa = PBXGroup;
			children = (
				3C7686E51E24DB3000DDAAC2 /* XiaoOOUITests.m */,
				3C7686E71E24DB3000DDAAC2 /* Info.plist */,
			);
			path = XiaoOOUITests;
			sourceTree = "<group>";
		};
		3C7686F31E24DB5A00DDAAC2 /* Classes */ = {
			isa = PBXGroup;
			children = (
				3C7686F41E24DB5A00DDAAC2 /* Expand */,
				3C7687081E24DB5A00DDAAC2 /* Lib */,
				3C7687091E24DB5A00DDAAC2 /* Main */,
				3C7687211E24DB5A00DDAAC2 /* MessageCallBlock */,
				3C7687291E24DB5A00DDAAC2 /* Resource */,
				3C7687321E24DB5A00DDAAC2 /* SDKFile */,
			);
			path = Classes;
			sourceTree = "<group>";
		};
		3C7686F41E24DB5A00DDAAC2 /* Expand */ = {
			isa = PBXGroup;
			children = (
				3C7686F51E24DB5A00DDAAC2 /* Category */,
				3C7686F81E24DB5A00DDAAC2 /* Const */,
				3C7686F91E24DB5A00DDAAC2 /* Macros */,
				3C7686FD1E24DB5A00DDAAC2 /* Tool */,
			);
			path = Expand;
			sourceTree = "<group>";
		};
		3C7686F51E24DB5A00DDAAC2 /* Category */ = {
			isa = PBXGroup;
			children = (
				3C04AC711E28D7F300CE5D94 /* Other */,
			);
			path = Category;
			sourceTree = "<group>";
		};
		3C7686F81E24DB5A00DDAAC2 /* Const */ = {
			isa = PBXGroup;
			children = (
				3C04AC751E28D99400CE5D94 /* MBTargetConfigContants.h */,
			);
			path = Const;
			sourceTree = "<group>";
		};
		3C7686F91E24DB5A00DDAAC2 /* Macros */ = {
			isa = PBXGroup;
			children = (
				3C7686FA1E24DB5A00DDAAC2 /* Macros.h */,
				3C7686FB1E24DB5A00DDAAC2 /* MPTargetConfigMacros.h */,
				3C7686FC1E24DB5A00DDAAC2 /* ThirdMacros.h */,
			);
			path = Macros;
			sourceTree = "<group>";
		};
		3C7686FD1E24DB5A00DDAAC2 /* Tool */ = {
			isa = PBXGroup;
			children = (
				3C6063ED1E2DE8E400CEA295 /* DDInputAccessoryView */,
				3C6A48511E2CB01800A31792 /* CCPActionSheetView */,
				3C04AB661E28D32900CE5D94 /* Logger(日志记录) */,
				3C7686FE1E24DB5A00DDAAC2 /* GCDHelper(GCD助手) */,
			);
			path = Tool;
			sourceTree = "<group>";
		};
		3C7686FE1E24DB5A00DDAAC2 /* GCDHelper(GCD助手) */ = {
			isa = PBXGroup;
			children = (
				3C7686FF1E24DB5A00DDAAC2 /* GCD.h */,
				3C7687001E24DB5A00DDAAC2 /* GCDGroup.h */,
				3C7687011E24DB5A00DDAAC2 /* GCDGroup.m */,
				3C7687021E24DB5A00DDAAC2 /* GCDQueue.h */,
				3C7687031E24DB5A00DDAAC2 /* GCDQueue.m */,
				3C7687041E24DB5A00DDAAC2 /* GCDSemaphore.h */,
				3C7687051E24DB5A00DDAAC2 /* GCDSemaphore.m */,
				3C7687061E24DB5A00DDAAC2 /* GCDTimer.h */,
				3C7687071E24DB5A00DDAAC2 /* GCDTimer.m */,
			);
			name = "GCDHelper(GCD助手)";
			path = GCDHelper;
			sourceTree = "<group>";
		};
		3C7687081E24DB5A00DDAAC2 /* Lib */ = {
			isa = PBXGroup;
			children = (
				3C9C57031E56FAFA009EF91D /* GXHUserDefaults */,
				3C76873D1E24DF8D00DDAAC2 /* SDKFile */,
			);
			path = Lib;
			sourceTree = "<group>";
		};
		3C7687091E24DB5A00DDAAC2 /* Main */ = {
			isa = PBXGroup;
			children = (
				3C76870A1E24DB5A00DDAAC2 /* Base */,
				3C7687131E24DB5A00DDAAC2 /* Home */,
				3C76871B1E24DB5A00DDAAC2 /* Public */,
			);
			path = Main;
			sourceTree = "<group>";
		};
		3C76870A1E24DB5A00DDAAC2 /* Base */ = {
			isa = PBXGroup;
			children = (
				3C76870B1E24DB5A00DDAAC2 /* BaseController */,
				3C76870C1E24DB5A00DDAAC2 /* BaseModel */,
				3C76870E1E24DB5A00DDAAC2 /* BaseOther */,
				3C7687101E24DB5A00DDAAC2 /* BaseService */,
				3C7687111E24DB5A00DDAAC2 /* BaseView */,
			);
			path = Base;
			sourceTree = "<group>";
		};
		3C76870B1E24DB5A00DDAAC2 /* BaseController */ = {
			isa = PBXGroup;
			children = (
				3C9958001E5A886E005E4580 /* DDBaseVC.h */,
				3C9958011E5A886E005E4580 /* DDBaseVC.m */,
			);
			path = BaseController;
			sourceTree = "<group>";
		};
		3C76870C1E24DB5A00DDAAC2 /* BaseModel */ = {
			isa = PBXGroup;
			children = (
				3C76870D1E24DB5A00DDAAC2 /* Placeholder */,
				3C6A484D1E2CABFA00A31792 /* DDSettingItem.h */,
				3C6A484E1E2CABFA00A31792 /* DDSettingItem.m */,
			);
			path = BaseModel;
			sourceTree = "<group>";
		};
		3C76870E1E24DB5A00DDAAC2 /* BaseOther */ = {
			isa = PBXGroup;
			children = (
				3C76870F1E24DB5A00DDAAC2 /* Placeholder */,
			);
			path = BaseOther;
			sourceTree = "<group>";
		};
		3C7687101E24DB5A00DDAAC2 /* BaseService */ = {
			isa = PBXGroup;
			children = (
			);
			path = BaseService;
			sourceTree = "<group>";
		};
		3C7687111E24DB5A00DDAAC2 /* BaseView */ = {
			isa = PBXGroup;
			children = (
				3C7687121E24DB5A00DDAAC2 /* Placeholder */,
			);
			path = BaseView;
			sourceTree = "<group>";
		};
		3C7687131E24DB5A00DDAAC2 /* Home */ = {
			isa = PBXGroup;
			children = (
				3C7687141E24DB5A00DDAAC2 /* Controller */,
				3C7687171E24DB5A00DDAAC2 /* Model */,
				3C7687181E24DB5A00DDAAC2 /* Other */,
				3C7687191E24DB5A00DDAAC2 /* Service */,
				3C76871A1E24DB5A00DDAAC2 /* View */,
			);
			path = Home;
			sourceTree = "<group>";
		};
		3C7687141E24DB5A00DDAAC2 /* Controller */ = {
			isa = PBXGroup;
			children = (
				3C90FC241E5598D8006C15DF /* DDNavigationController.h */,
				3C90FC251E5598D8006C15DF /* DDNavigationController.m */,
				3C7687151E24DB5A00DDAAC2 /* DDMianViewController.h */,
				3C7687161E24DB5A00DDAAC2 /* DDMianViewController.m */,
				3C90FC151E55724E006C15DF /* DDSettingViewVC.h */,
				3C90FC161E55724E006C15DF /* DDSettingViewVC.m */,
				3C9957F71E5A7D33005E4580 /* DDChatVC.h */,
				3C9957F81E5A7D33005E4580 /* DDChatVC.m */,
			);
			path = Controller;
			sourceTree = "<group>";
		};
		3C7687171E24DB5A00DDAAC2 /* Model */ = {
			isa = PBXGroup;
			children = (
				3C9957FD1E5A8495005E4580 /* DDChatModel.h */,
				3C9957FE1E5A8495005E4580 /* DDChatModel.m */,
			);
			path = Model;
			sourceTree = "<group>";
		};
		3C7687181E24DB5A00DDAAC2 /* Other */ = {
			isa = PBXGroup;
			children = (
			);
			path = Other;
			sourceTree = "<group>";
		};
		3C7687191E24DB5A00DDAAC2 /* Service */ = {
			isa = PBXGroup;
			children = (
			);
			path = Service;
			sourceTree = "<group>";
		};
		3C76871A1E24DB5A00DDAAC2 /* View */ = {
			isa = PBXGroup;
			children = (
				3CED31931E272CAC0020CF40 /* DDTabBarView.h */,
				3CED31941E272CAC0020CF40 /* DDTabBarView.m */,
				3C144AB61E542F4C0077F10D /* DDLevelMeterView.h */,
				3C144AB71E542F4C0077F10D /* DDLevelMeterView.m */,
				3C90FC181E557410006C15DF /* DDSettingCell.h */,
				3C90FC191E557410006C15DF /* DDSettingCell.m */,
				3C9957FA1E5A7E65005E4580 /* DDChatCell.h */,
				3C9957FB1E5A7E65005E4580 /* DDChatCell.m */,
			);
			path = View;
			sourceTree = "<group>";
		};
		3C76871B1E24DB5A00DDAAC2 /* Public */ = {
			isa = PBXGroup;
			children = (
				3C76871C1E24DB5A00DDAAC2 /* Controller */,
				3C76871D1E24DB5A00DDAAC2 /* Model */,
				3C76871E1E24DB5A00DDAAC2 /* Other */,
				3C76871F1E24DB5A00DDAAC2 /* Service */,
				3C7687201E24DB5A00DDAAC2 /* View */,
			);
			path = Public;
			sourceTree = "<group>";
		};
		3C76871C1E24DB5A00DDAAC2 /* Controller */ = {
			isa = PBXGroup;
			children = (
			);
			path = Controller;
			sourceTree = "<group>";
		};
		3C76871D1E24DB5A00DDAAC2 /* Model */ = {
			isa = PBXGroup;
			children = (
			);
			path = Model;
			sourceTree = "<group>";
		};
		3C76871E1E24DB5A00DDAAC2 /* Other */ = {
			isa = PBXGroup;
			children = (
			);
			path = Other;
			sourceTree = "<group>";
		};
		3C76871F1E24DB5A00DDAAC2 /* Service */ = {
			isa = PBXGroup;
			children = (
			);
			path = Service;
			sourceTree = "<group>";
		};
		3C7687201E24DB5A00DDAAC2 /* View */ = {
			isa = PBXGroup;
			children = (
			);
			path = View;
			sourceTree = "<group>";
		};
		3C7687211E24DB5A00DDAAC2 /* MessageCallBlock */ = {
			isa = PBXGroup;
			children = (
				3C7687221E24DB5A00DDAAC2 /* MessageCallBlock */,
				3C7687261E24DB5A00DDAAC2 /* MessageErrorC */,
				3C7687271E24DB5A00DDAAC2 /* MessgeBsae */,
				3C7687281E24DB5A00DDAAC2 /* Recognition */,
			);
			name = MessageCallBlock;
			path = MessageController;
			sourceTree = "<group>";
		};
		3C7687221E24DB5A00DDAAC2 /* MessageCallBlock */ = {
			isa = PBXGroup;
			children = (
				3C7687231E24DB5A00DDAAC2 /* MessageMianC */,
				3C7687241E24DB5A00DDAAC2 /* MessageNavigationC */,
				3C7687251E24DB5A00DDAAC2 /* MessageWeatherC */,
			);
			path = MessageCallBlock;
			sourceTree = "<group>";
		};
		3C7687231E24DB5A00DDAAC2 /* MessageMianC */ = {
			isa = PBXGroup;
			children = (
			);
			path = MessageMianC;
			sourceTree = "<group>";
		};
		3C7687241E24DB5A00DDAAC2 /* MessageNavigationC */ = {
			isa = PBXGroup;
			children = (
			);
			path = MessageNavigationC;
			sourceTree = "<group>";
		};
		3C7687251E24DB5A00DDAAC2 /* MessageWeatherC */ = {
			isa = PBXGroup;
			children = (
			);
			path = MessageWeatherC;
			sourceTree = "<group>";
		};
		3C7687261E24DB5A00DDAAC2 /* MessageErrorC */ = {
			isa = PBXGroup;
			children = (
			);
			path = MessageErrorC;
			sourceTree = "<group>";
		};
		3C7687271E24DB5A00DDAAC2 /* MessgeBsae */ = {
			isa = PBXGroup;
			children = (
			);
			path = MessgeBsae;
			sourceTree = "<group>";
		};
		3C7687281E24DB5A00DDAAC2 /* Recognition */ = {
			isa = PBXGroup;
			children = (
			);
			path = Recognition;
			sourceTree = "<group>";
		};
		3C7687291E24DB5A00DDAAC2 /* Resource */ = {
			isa = PBXGroup;
			children = (
				3C76872A1E24DB5A00DDAAC2 /* AppDelegate */,
				3C76872D1E24DB5A00DDAAC2 /* Global */,
				3C76872F1E24DB5A00DDAAC2 /* Image */,
				3C7687311E24DB5A00DDAAC2 /* Plist */,
			);
			path = Resource;
			sourceTree = "<group>";
		};
		3C76872A1E24DB5A00DDAAC2 /* AppDelegate */ = {
			isa = PBXGroup;
			children = (
				3C76872B1E24DB5A00DDAAC2 /* AppDelegate.h */,
				3C76872C1E24DB5A00DDAAC2 /* AppDelegate.m */,
			);
			path = AppDelegate;
			sourceTree = "<group>";
		};
		3C76872D1E24DB5A00DDAAC2 /* Global */ = {
			isa = PBXGroup;
			children = (
				3C90FC1B1E55877A006C15DF /* Ping Hei Light.ttf */,
				3C90FC1C1E55877A006C15DF /* Ping Hei Text.ttf */,
				3C90FC1D1E55877A006C15DF /* ProximaNova-Semibold.otf */,
				3C76872E1E24DB5A00DDAAC2 /* PrefixHeader.pch */,
				3C90FC211E55957B006C15DF /* DDConst.h */,
				3C90FC221E55957B006C15DF /* DDConst.m */,
			);
			path = Global;
			sourceTree = "<group>";
		};
		3C76872F1E24DB5A00DDAAC2 /* Image */ = {
			isa = PBXGroup;
			children = (
			);
			path = Image;
			sourceTree = "<group>";
		};
		3C7687311E24DB5A00DDAAC2 /* Plist */ = {
			isa = PBXGroup;
			children = (
			);
			path = Plist;
			sourceTree = "<group>";
		};
		3C7687321E24DB5A00DDAAC2 /* SDKFile */ = {
			isa = PBXGroup;
			children = (
			);
			path = SDKFile;
			sourceTree = "<group>";
		};
		3C76873D1E24DF8D00DDAAC2 /* SDKFile */ = {
			isa = PBXGroup;
			children = (
			);
			path = SDKFile;
			sourceTree = "<group>";
		};
		3C9C57031E56FAFA009EF91D /* GXHUserDefaults */ = {
			isa = PBXGroup;
			children = (
				3C9C57041E56FAFA009EF91D /* Classes */,
			);
			path = GXHUserDefaults;
			sourceTree = "<group>";
		};
		3C9C57041E56FAFA009EF91D /* Classes */ = {
			isa = PBXGroup;
			children = (
				3C9C57051E56FAFA009EF91D /* GXHUserDefaults.h */,
				3C9C57061E56FAFA009EF91D /* GXHUserDefaults.m */,
			);
			path = Classes;
			sourceTree = "<group>";
		};
		3CED318A1E271CE50020CF40 /* Frameworks */ = {
			isa = PBXGroup;
			children = (
				3C04AB601E28757400CE5D94 /* CocoaLumberjack.framework */,
				3CED31961E2791DE0020CF40 /* Masonry.framework */,
			);
			name = Frameworks;
			sourceTree = "<group>";
		};
/* End PBXGroup section */

/* Begin PBXNativeTarget section */
		3C7686BC1E24DB3000DDAAC2 /* XiaoOO */ = {
			isa = PBXNativeTarget;
			buildConfigurationList = 3C7686EA1E24DB3000DDAAC2 /* Build configuration list for PBXNativeTarget "XiaoOO" */;
			buildPhases = (
				3C7686B91E24DB3000DDAAC2 /* Sources */,
				3C7686BA1E24DB3000DDAAC2 /* Frameworks */,
				3C7686BB1E24DB3000DDAAC2 /* Resources */,
				3CED31921E2727050020CF40 /* ShellScript */,
				3CD742F61E27953D00041633 /* CopyFiles */,
			);
			buildRules = (
			);
			dependencies = (
			);
			name = XiaoOO;
			productName = XiaoOO;
			productReference = 3C7686BD1E24DB3000DDAAC2 /* XiaoOO.app */;
			productType = "com.apple.product-type.application";
		};
		3C7686D51E24DB3000DDAAC2 /* XiaoOOTests */ = {
			isa = PBXNativeTarget;
			buildConfigurationList = 3C7686ED1E24DB3000DDAAC2 /* Build configuration list for PBXNativeTarget "XiaoOOTests" */;
			buildPhases = (
				3C7686D21E24DB3000DDAAC2 /* Sources */,
				3C7686D31E24DB3000DDAAC2 /* Frameworks */,
				3C7686D41E24DB3000DDAAC2 /* Resources */,
			);
			buildRules = (
			);
			dependencies = (
				3C7686D81E24DB3000DDAAC2 /* PBXTargetDependency */,
			);
			name = XiaoOOTests;
			productName = XiaoOOTests;
			productReference = 3C7686D61E24DB3000DDAAC2 /* XiaoOOTests.xctest */;
			productType = "com.apple.product-type.bundle.unit-test";
		};
		3C7686E01E24DB3000DDAAC2 /* XiaoOOUITests */ = {
			isa = PBXNativeTarget;
			buildConfigurationList = 3C7686F01E24DB3000DDAAC2 /* Build configuration list for PBXNativeTarget "XiaoOOUITests" */;
			buildPhases = (
				3C7686DD1E24DB3000DDAAC2 /* Sources */,
				3C7686DE1E24DB3000DDAAC2 /* Frameworks */,
				3C7686DF1E24DB3000DDAAC2 /* Resources */,
			);
			buildRules = (
			);
			dependencies = (
				3C7686E31E24DB3000DDAAC2 /* PBXTargetDependency */,
			);
			name = XiaoOOUITests;
			productName = XiaoOOUITests;
			productReference = 3C7686E11E24DB3000DDAAC2 /* XiaoOOUITests.xctest */;
			productType = "com.apple.product-type.bundle.ui-testing";
		};
/* End PBXNativeTarget section */

/* Begin PBXProject section */
		3C7686B51E24DB3000DDAAC2 /* Project object */ = {
			isa = PBXProject;
			attributes = {
				CLASSPREFIX = DD;
				LastUpgradeCheck = 0820;
				ORGANIZATIONNAME = cyw_dj;
				TargetAttributes = {
					3C7686BC1E24DB3000DDAAC2 = {
						CreatedOnToolsVersion = 8.2.1;
						DevelopmentTeam = ZJ8KYE9989;
						ProvisioningStyle = Automatic;
					};
					3C7686D51E24DB3000DDAAC2 = {
						CreatedOnToolsVersion = 8.2.1;
						ProvisioningStyle = Automatic;
						TestTargetID = 3C7686BC1E24DB3000DDAAC2;
					};
					3C7686E01E24DB3000DDAAC2 = {
						CreatedOnToolsVersion = 8.2.1;
						ProvisioningStyle = Automatic;
						TestTargetID = 3C7686BC1E24DB3000DDAAC2;
					};
				};
			};
			buildConfigurationList = 3C7686B81E24DB3000DDAAC2 /* Build configuration list for PBXProject "XiaoOO" */;
			compatibilityVersion = "Xcode 3.2";
			developmentRegion = English;
			hasScannedForEncodings = 0;
			knownRegions = (
				en,
				Base,
			);
			mainGroup = 3C7686B41E24DB3000DDAAC2;
			productRefGroup = 3C7686BE1E24DB3000DDAAC2 /* Products */;
			projectDirPath = "";
			projectRoot = "";
			targets = (
				3C7686BC1E24DB3000DDAAC2 /* XiaoOO */,
				3C7686D51E24DB3000DDAAC2 /* XiaoOOTests */,
				3C7686E01E24DB3000DDAAC2 /* XiaoOOUITests */,
			);
		};
/* End PBXProject section */

/* Begin PBXResourcesBuildPhase section */
		3C7686BB1E24DB3000DDAAC2 /* Resources */ = {
			isa = PBXResourcesBuildPhase;
			buildActionMask = 2147483647;
			files = (
				3C6ABC2E1E5D8A3B0083B7D0 /* data.json in Resources */,
				3C6A48591E2CB01800A31792 /* CCPActionSheetCell.xib in Resources */,
				3C7687381E24DB5A00DDAAC2 /* Placeholder in Resources */,
				3C90FC1F1E55877A006C15DF /* Ping Hei Text.ttf in Resources */,
				3C90FC1E1E55877A006C15DF /* Ping Hei Light.ttf in Resources */,
				3C7686D01E24DB3000DDAAC2 /* LaunchScreen.storyboard in Resources */,
				3C7687391E24DB5A00DDAAC2 /* Placeholder in Resources */,
				3C7686CD1E24DB3000DDAAC2 /* Assets.xcassets in Resources */,
				3C90FC201E55877A006C15DF /* ProximaNova-Semibold.otf in Resources */,
				3C6A48631E2CB81000A31792 /* DDTextFieldButton.xib in Resources */,
				3C76873A1E24DB5A00DDAAC2 /* Placeholder in Resources */,
			);
			runOnlyForDeploymentPostprocessing = 0;
		};
		3C7686D41E24DB3000DDAAC2 /* Resources */ = {
			isa = PBXResourcesBuildPhase;
			buildActionMask = 2147483647;
			files = (
				3C6A485A1E2CB01800A31792 /* CCPActionSheetCell.xib in Resources */,
				3C6A48641E2CB81000A31792 /* DDTextFieldButton.xib in Resources */,
			);
			runOnlyForDeploymentPostprocessing = 0;
		};
		3C7686DF1E24DB3000DDAAC2 /* Resources */ = {
			isa = PBXResourcesBuildPhase;
			buildActionMask = 2147483647;
			files = (
			);
			runOnlyForDeploymentPostprocessing = 0;
		};
/* End PBXResourcesBuildPhase section */

/* Begin PBXShellScriptBuildPhase section */
		3CED31921E2727050020CF40 /* ShellScript */ = {
			isa = PBXShellScriptBuildPhase;
			buildActionMask = 2147483647;
			files = (
			);
			inputPaths = (
				"$(SRCROOT)/Carthage/Build/iOS/Masonry.framework",
				"$(SRCROOT)/Carthage/Build/iOS/CocoaLumberjack.framework",
			);
			outputPaths = (
			);
			runOnlyForDeploymentPostprocessing = 0;
			shellPath = /bin/sh;
			shellScript = "/usr/local/bin/carthage copy-frameworks";
		};
/* End PBXShellScriptBuildPhase section */

/* Begin PBXSourcesBuildPhase section */
		3C7686B91E24DB3000DDAAC2 /* Sources */ = {
			isa = PBXSourcesBuildPhase;
			buildActionMask = 2147483647;
			files = (
				3C9957FC1E5A7E65005E4580 /* DDChatCell.m in Sources */,
				3C7687341E24DB5A00DDAAC2 /* GCDGroup.m in Sources */,
				3C04AB6B1E28D32900CE5D94 /* MPLoggerFormatter.m in Sources */,
				3C76873C1E24DB5A00DDAAC2 /* AppDelegate.m in Sources */,
				3C7686C21E24DB3000DDAAC2 /* main.m in Sources */,
				3C6A47121E2C599000A31792 /* NSDate+Utilities.m in Sources */,
				3C90FC171E55724E006C15DF /* DDSettingViewVC.m in Sources */,
				3C9958021E5A886E005E4580 /* DDBaseVC.m in Sources */,
				3C7687371E24DB5A00DDAAC2 /* GCDTimer.m in Sources */,
				3C6A485B1E2CB01800A31792 /* CCPActionSheetView.m in Sources */,
				3C9C57071E56FAFA009EF91D /* GXHUserDefaults.m in Sources */,
				3C04AB6C1E28D32900CE5D94 /* MyFileLogger.m in Sources */,
				3C90FC231E55957B006C15DF /* DDConst.m in Sources */,
				3C90FC261E5598D8006C15DF /* DDNavigationController.m in Sources */,
				3C9957F91E5A7D33005E4580 /* DDChatVC.m in Sources */,
				3C6A484F1E2CABFA00A31792 /* DDSettingItem.m in Sources */,
				3C76873B1E24DB5A00DDAAC2 /* DDMianViewController.m in Sources */,
				3C90FC2C1E559F6E006C15DF /* UIBarButtonItem+Extension.m in Sources */,
				3C7687351E24DB5A00DDAAC2 /* GCDQueue.m in Sources */,
				3C90FC1A1E557410006C15DF /* DDSettingCell.m in Sources */,
				3C6A48611E2CB81000A31792 /* DDTextFieldButton.m in Sources */,
				3CED31951E272CAC0020CF40 /* DDTabBarView.m in Sources */,
				3C9958091E5A8AC1005E4580 /* UIViewController+backImgView.m in Sources */,
				3CC965EA1E3494B800E07085 /* DDInputAccessoryView.m in Sources */,
				3CECAA191E5C194700028964 /* UIControl+Block.m in Sources */,
				3C04AC741E28D7F300CE5D94 /* UIView+Extension.m in Sources */,
				3C6A48571E2CB01800A31792 /* CCPActionSheetCell.m in Sources */,
				3C7687361E24DB5A00DDAAC2 /* GCDSemaphore.m in Sources */,
				3C9957FF1E5A8495005E4580 /* DDChatModel.m in Sources */,
				3C144AB81E542F4C0077F10D /* DDLevelMeterView.m in Sources */,
				3C9C56FF1E56F249009EF91D /* GXHUserDefaults+appSetting.m in Sources */,
			);
			runOnlyForDeploymentPostprocessing = 0;
		};
		3C7686D21E24DB3000DDAAC2 /* Sources */ = {
			isa = PBXSourcesBuildPhase;
			buildActionMask = 2147483647;
			files = (
				3C6A48581E2CB01800A31792 /* CCPActionSheetCell.m in Sources */,
				3C6A485C1E2CB01800A31792 /* CCPActionSheetView.m in Sources */,
				3C6A47131E2C599000A31792 /* NSDate+Utilities.m in Sources */,
				3C7686DB1E24DB3000DDAAC2 /* XiaoOOTests.m in Sources */,
				3C6A48501E2CABFA00A31792 /* DDSettingItem.m in Sources */,
				3C6A48621E2CB81000A31792 /* DDTextFieldButton.m in Sources */,
			);
			runOnlyForDeploymentPostprocessing = 0;
		};
		3C7686DD1E24DB3000DDAAC2 /* Sources */ = {
			isa = PBXSourcesBuildPhase;
			buildActionMask = 2147483647;
			files = (
				3C7686E61E24DB3000DDAAC2 /* XiaoOOUITests.m in Sources */,
			);
			runOnlyForDeploymentPostprocessing = 0;
		};
/* End PBXSourcesBuildPhase section */

/* Begin PBXTargetDependency section */
		3C7686D81E24DB3000DDAAC2 /* PBXTargetDependency */ = {
			isa = PBXTargetDependency;
			target = 3C7686BC1E24DB3000DDAAC2 /* XiaoOO */;
			targetProxy = 3C7686D71E24DB3000DDAAC2 /* PBXContainerItemProxy */;
		};
		3C7686E31E24DB3000DDAAC2 /* PBXTargetDependency */ = {
			isa = PBXTargetDependency;
			target = 3C7686BC1E24DB3000DDAAC2 /* XiaoOO */;
			targetProxy = 3C7686E21E24DB3000DDAAC2 /* PBXContainerItemProxy */;
		};
/* End PBXTargetDependency section */

/* Begin PBXVariantGroup section */
		3C7686CE1E24DB3000DDAAC2 /* LaunchScreen.storyboard */ = {
			isa = PBXVariantGroup;
			children = (
				3C7686CF1E24DB3000DDAAC2 /* Base */,
			);
			name = LaunchScreen.storyboard;
			sourceTree = "<group>";
		};
/* End PBXVariantGroup section */

/* Begin XCBuildConfiguration section */
		3C7686E81E24DB3000DDAAC2 /* Debug */ = {
			isa = XCBuildConfiguration;
			buildSettings = {
				ALWAYS_SEARCH_USER_PATHS = NO;
				CLANG_ANALYZER_NONNULL = YES;
				CLANG_CXX_LANGUAGE_STANDARD = "gnu++0x";
				CLANG_CXX_LIBRARY = "libc++";
				CLANG_ENABLE_MODULES = YES;
				CLANG_ENABLE_OBJC_ARC = YES;
				CLANG_WARN_BOOL_CONVERSION = YES;
				CLANG_WARN_CONSTANT_CONVERSION = YES;
				CLANG_WARN_DIRECT_OBJC_ISA_USAGE = YES_ERROR;
				CLANG_WARN_DOCUMENTATION_COMMENTS = YES;
				CLANG_WARN_EMPTY_BODY = YES;
				CLANG_WARN_ENUM_CONVERSION = YES;
				CLANG_WARN_INFINITE_RECURSION = YES;
				CLANG_WARN_INT_CONVERSION = YES;
				CLANG_WARN_OBJC_ROOT_CLASS = YES_ERROR;
				CLANG_WARN_SUSPICIOUS_MOVE = YES;
				CLANG_WARN_UNREACHABLE_CODE = YES;
				CLANG_WARN__DUPLICATE_METHOD_MATCH = YES;
				"CODE_SIGN_IDENTITY[sdk=iphoneos*]" = "iPhone Developer";
				COPY_PHASE_STRIP = NO;
				DEBUG_INFORMATION_FORMAT = dwarf;
				ENABLE_STRICT_OBJC_MSGSEND = YES;
				ENABLE_TESTABILITY = YES;
				GCC_C_LANGUAGE_STANDARD = gnu99;
				GCC_DYNAMIC_NO_PIC = NO;
				GCC_NO_COMMON_BLOCKS = YES;
				GCC_OPTIMIZATION_LEVEL = 0;
				GCC_PREPROCESSOR_DEFINITIONS = (
					"DEBUG=1",
					"$(inherited)",
				);
				GCC_WARN_64_TO_32_BIT_CONVERSION = YES;
				GCC_WARN_ABOUT_RETURN_TYPE = YES_ERROR;
				GCC_WARN_UNDECLARED_SELECTOR = YES;
				GCC_WARN_UNINITIALIZED_AUTOS = YES_AGGRESSIVE;
				GCC_WARN_UNUSED_FUNCTION = YES;
				GCC_WARN_UNUSED_VARIABLE = YES;
				IPHONEOS_DEPLOYMENT_TARGET = 10.2;
				MTL_ENABLE_DEBUG_INFO = YES;
				ONLY_ACTIVE_ARCH = YES;
				SDKROOT = iphoneos;
				TARGETED_DEVICE_FAMILY = "1,2";
			};
			name = Debug;
		};
		3C7686E91E24DB3000DDAAC2 /* Release */ = {
			isa = XCBuildConfiguration;
			buildSettings = {
				ALWAYS_SEARCH_USER_PATHS = NO;
				CLANG_ANALYZER_NONNULL = YES;
				CLANG_CXX_LANGUAGE_STANDARD = "gnu++0x";
				CLANG_CXX_LIBRARY = "libc++";
				CLANG_ENABLE_MODULES = YES;
				CLANG_ENABLE_OBJC_ARC = YES;
				CLANG_WARN_BOOL_CONVERSION = YES;
				CLANG_WARN_CONSTANT_CONVERSION = YES;
				CLANG_WARN_DIRECT_OBJC_ISA_USAGE = YES_ERROR;
				CLANG_WARN_DOCUMENTATION_COMMENTS = YES;
				CLANG_WARN_EMPTY_BODY = YES;
				CLANG_WARN_ENUM_CONVERSION = YES;
				CLANG_WARN_INFINITE_RECURSION = YES;
				CLANG_WARN_INT_CONVERSION = YES;
				CLANG_WARN_OBJC_ROOT_CLASS = YES_ERROR;
				CLANG_WARN_SUSPICIOUS_MOVE = YES;
				CLANG_WARN_UNREACHABLE_CODE = YES;
				CLANG_WARN__DUPLICATE_METHOD_MATCH = YES;
				"CODE_SIGN_IDENTITY[sdk=iphoneos*]" = "iPhone Developer";
				COPY_PHASE_STRIP = NO;
				DEBUG_INFORMATION_FORMAT = "dwarf-with-dsym";
				ENABLE_NS_ASSERTIONS = NO;
				ENABLE_STRICT_OBJC_MSGSEND = YES;
				GCC_C_LANGUAGE_STANDARD = gnu99;
				GCC_NO_COMMON_BLOCKS = YES;
				GCC_WARN_64_TO_32_BIT_CONVERSION = YES;
				GCC_WARN_ABOUT_RETURN_TYPE = YES_ERROR;
				GCC_WARN_UNDECLARED_SELECTOR = YES;
				GCC_WARN_UNINITIALIZED_AUTOS = YES_AGGRESSIVE;
				GCC_WARN_UNUSED_FUNCTION = YES;
				GCC_WARN_UNUSED_VARIABLE = YES;
				IPHONEOS_DEPLOYMENT_TARGET = 10.2;
				MTL_ENABLE_DEBUG_INFO = NO;
				SDKROOT = iphoneos;
				TARGETED_DEVICE_FAMILY = "1,2";
				VALIDATE_PRODUCT = YES;
			};
			name = Release;
		};
		3C7686EB1E24DB3000DDAAC2 /* Debug */ = {
			isa = XCBuildConfiguration;
			buildSettings = {
				ALWAYS_EMBED_SWIFT_STANDARD_LIBRARIES = YES;
				ASSETCATALOG_COMPILER_APPICON_NAME = AppIcon;
				DEVELOPMENT_TEAM = ZJ8KYE9989;
				ENABLE_BITCODE = YES;
				FRAMEWORK_SEARCH_PATHS = (
					"$(inherited)",
					"$(PROJECT_DIR)/XiaoOO/Classes/Lib/SDKFile",
					"$(PROJECT_DIR)/Carthage/Build/iOS",
				);
				GCC_INCREASE_PRECOMPILED_HEADER_SHARING = YES;
				GCC_PRECOMPILE_PREFIX_HEADER = NO;
				GCC_PREFIX_HEADER = "$(SRCROOT)//XiaoOO/Classes/Resource/Global/PrefixHeader.pch";
				INFOPLIST_FILE = XiaoOO/Info.plist;
				IPHONEOS_DEPLOYMENT_TARGET = 8.0;
				LD_RUNPATH_SEARCH_PATHS = "$(inherited) @executable_path/Frameworks";
				PRODUCT_BUNDLE_IDENTIFIER = cyw.XiaoOO;
				PRODUCT_NAME = "$(TARGET_NAME)";
			};
			name = Debug;
		};
		3C7686EC1E24DB3000DDAAC2 /* Release */ = {
			isa = XCBuildConfiguration;
			buildSettings = {
				ALWAYS_EMBED_SWIFT_STANDARD_LIBRARIES = YES;
				ASSETCATALOG_COMPILER_APPICON_NAME = AppIcon;
				DEVELOPMENT_TEAM = ZJ8KYE9989;
				ENABLE_BITCODE = YES;
				FRAMEWORK_SEARCH_PATHS = (
					"$(inherited)",
					"$(PROJECT_DIR)/XiaoOO/Classes/Lib/SDKFile",
					"$(PROJECT_DIR)/Carthage/Build/iOS",
				);
				GCC_INCREASE_PRECOMPILED_HEADER_SHARING = YES;
				GCC_PRECOMPILE_PREFIX_HEADER = NO;
				GCC_PREFIX_HEADER = "$(SRCROOT)//XiaoOO/Classes/Resource/Global/PrefixHeader.pch";
				INFOPLIST_FILE = XiaoOO/Info.plist;
				IPHONEOS_DEPLOYMENT_TARGET = 8.0;
				LD_RUNPATH_SEARCH_PATHS = "$(inherited) @executable_path/Frameworks";
				PRODUCT_BUNDLE_IDENTIFIER = cyw.XiaoOO;
				PRODUCT_NAME = "$(TARGET_NAME)";
			};
			name = Release;
		};
		3C7686EE1E24DB3000DDAAC2 /* Debug */ = {
			isa = XCBuildConfiguration;
			buildSettings = {
				BUNDLE_LOADER = "$(TEST_HOST)";
				INFOPLIST_FILE = XiaoOOTests/Info.plist;
				LD_RUNPATH_SEARCH_PATHS = "$(inherited) @executable_path/Frameworks @loader_path/Frameworks";
				PRODUCT_BUNDLE_IDENTIFIER = cyw.XiaoOOTests;
				PRODUCT_NAME = "$(TARGET_NAME)";
				TEST_HOST = "$(BUILT_PRODUCTS_DIR)/XiaoOO.app/XiaoOO";
			};
			name = Debug;
		};
		3C7686EF1E24DB3000DDAAC2 /* Release */ = {
			isa = XCBuildConfiguration;
			buildSettings = {
				BUNDLE_LOADER = "$(TEST_HOST)";
				INFOPLIST_FILE = XiaoOOTests/Info.plist;
				LD_RUNPATH_SEARCH_PATHS = "$(inherited) @executable_path/Frameworks @loader_path/Frameworks";
				PRODUCT_BUNDLE_IDENTIFIER = cyw.XiaoOOTests;
				PRODUCT_NAME = "$(TARGET_NAME)";
				TEST_HOST = "$(BUILT_PRODUCTS_DIR)/XiaoOO.app/XiaoOO";
			};
			name = Release;
		};
		3C7686F11E24DB3000DDAAC2 /* Debug */ = {
			isa = XCBuildConfiguration;
			buildSettings = {
				INFOPLIST_FILE = XiaoOOUITests/Info.plist;
				LD_RUNPATH_SEARCH_PATHS = "$(inherited) @executable_path/Frameworks @loader_path/Frameworks";
				PRODUCT_BUNDLE_IDENTIFIER = cyw.XiaoOOUITests;
				PRODUCT_NAME = "$(TARGET_NAME)";
				TEST_TARGET_NAME = XiaoOO;
			};
			name = Debug;
		};
		3C7686F21E24DB3000DDAAC2 /* Release */ = {
			isa = XCBuildConfiguration;
			buildSettings = {
				INFOPLIST_FILE = XiaoOOUITests/Info.plist;
				LD_RUNPATH_SEARCH_PATHS = "$(inherited) @executable_path/Frameworks @loader_path/Frameworks";
				PRODUCT_BUNDLE_IDENTIFIER = cyw.XiaoOOUITests;
				PRODUCT_NAME = "$(TARGET_NAME)";
				TEST_TARGET_NAME = XiaoOO;
			};
			name = Release;
		};
/* End XCBuildConfiguration section */

/* Begin XCConfigurationList section */
		3C7686B81E24DB3000DDAAC2 /* Build configuration list for PBXProject "XiaoOO" */ = {
			isa = XCConfigurationList;
			buildConfigurations = (
				3C7686E81E24DB3000DDAAC2 /* Debug */,
				3C7686E91E24DB3000DDAAC2 /* Release */,
			);
			defaultConfigurationIsVisible = 0;
			defaultConfigurationName = Release;
		};
		3C7686EA1E24DB3000DDAAC2 /* Build configuration list for PBXNativeTarget "XiaoOO" */ = {
			isa = XCConfigurationList;
			buildConfigurations = (
				3C7686EB1E24DB3000DDAAC2 /* Debug */,
				3C7686EC1E24DB3000DDAAC2 /* Release */,
			);
			defaultConfigurationIsVisible = 0;
			defaultConfigurationName = Release;
		};
		3C7686ED1E24DB3000DDAAC2 /* Build configuration list for PBXNativeTarget "XiaoOOTests" */ = {
			isa = XCConfigurationList;
			buildConfigurations = (
				3C7686EE1E24DB3000DDAAC2 /* Debug */,
				3C7686EF1E24DB3000DDAAC2 /* Release */,
			);
			defaultConfigurationIsVisible = 0;
			defaultConfigurationName = Release;
		};
		3C7686F01E24DB3000DDAAC2 /* Build configuration list for PBXNativeTarget "XiaoOOUITests" */ = {
			isa = XCConfigurationList;
			buildConfigurations = (
				3C7686F11E24DB3000DDAAC2 /* Debug */,
				3C7686F21E24DB3000DDAAC2 /* Release */,
			);
			defaultConfigurationIsVisible = 0;
			defaultConfigurationName = Release;
		};
/* End XCConfigurationList section */
	};
	rootObject = 3C7686B51E24DB3000DDAAC2 /* Project object */;
}
